// !$*UTF8*$!
{
	archiveVersion = 1;
	classes = {
	};
	objectVersion = 46;
	objects = {

/* Begin PBXBuildFile section */
		A99269B69B941D98B5FBCECC /* Pods_FizzBuzzTests.framework in Frameworks */ = {isa = PBXBuildFile; fileRef = F4827D62D5B887CFF7E2C051 /* Pods_FizzBuzzTests.framework */; settings = {ATTRIBUTES = (Weak, ); }; };
		BEE4D7A91B65FAEF00367577 /* AppDelegate.swift in Sources */ = {isa = PBXBuildFile; fileRef = BEE4D7A81B65FAEF00367577 /* AppDelegate.swift */; };
		BEE4D7AB1B65FAEF00367577 /* ViewController.swift in Sources */ = {isa = PBXBuildFile; fileRef = BEE4D7AA1B65FAEF00367577 /* ViewController.swift */; };
		BEE4D7AE1B65FAEF00367577 /* Main.storyboard in Resources */ = {isa = PBXBuildFile; fileRef = BEE4D7AC1B65FAEF00367577 /* Main.storyboard */; };
		BEE4D7B01B65FAEF00367577 /* Images.xcassets in Resources */ = {isa = PBXBuildFile; fileRef = BEE4D7AF1B65FAEF00367577 /* Images.xcassets */; };
		BEE4D7B31B65FAEF00367577 /* LaunchScreen.xib in Resources */ = {isa = PBXBuildFile; fileRef = BEE4D7B11B65FAEF00367577 /* LaunchScreen.xib */; };
		BEE4D7BF1B65FAEF00367577 /* FizzBuzzTests.swift in Sources */ = {isa = PBXBuildFile; fileRef = BEE4D7BE1B65FAEF00367577 /* FizzBuzzTests.swift */; };
		BEE4D7C91B65FB2400367577 /* FizzBuzz.swift in Sources */ = {isa = PBXBuildFile; fileRef = BEE4D7C81B65FB2400367577 /* FizzBuzz.swift */; };
		BEE4D7CA1B65FC0B00367577 /* FizzBuzz.swift in Sources */ = {isa = PBXBuildFile; fileRef = BEE4D7C81B65FB2400367577 /* FizzBuzz.swift */; };
/* End PBXBuildFile section */

/* Begin PBXContainerItemProxy section */
		BEE4D7B91B65FAEF00367577 /* PBXContainerItemProxy */ = {
			isa = PBXContainerItemProxy;
			containerPortal = BEE4D79B1B65FAEF00367577 /* Project object */;
			proxyType = 1;
			remoteGlobalIDString = BEE4D7A21B65FAEF00367577;
			remoteInfo = FizzBuzz;
		};
/* End PBXContainerItemProxy section */

/* Begin PBXFileReference section */
		BEE4D7A31B65FAEF00367577 /* FizzBuzz.app */ = {isa = PBXFileReference; explicitFileType = wrapper.application; includeInIndex = 0; path = FizzBuzz.app; sourceTree = BUILT_PRODUCTS_DIR; };
		BEE4D7A71B65FAEF00367577 /* Info.plist */ = {isa = PBXFileReference; lastKnownFileType = text.plist.xml; path = Info.plist; sourceTree = "<group>"; };
		BEE4D7A81B65FAEF00367577 /* AppDelegate.swift */ = {isa = PBXFileReference; lastKnownFileType = sourcecode.swift; path = AppDelegate.swift; sourceTree = "<group>"; };
		BEE4D7AA1B65FAEF00367577 /* ViewController.swift */ = {isa = PBXFileReference; lastKnownFileType = sourcecode.swift; path = ViewController.swift; sourceTree = "<group>"; };
		BEE4D7AD1B65FAEF00367577 /* Base */ = {isa = PBXFileReference; lastKnownFileType = file.storyboard; name = Base; path = Base.lproj/Main.storyboard; sourceTree = "<group>"; };
		BEE4D7AF1B65FAEF00367577 /* Images.xcassets */ = {isa = PBXFileReference; lastKnownFileType = folder.assetcatalog; path = Images.xcassets; sourceTree = "<group>"; };
		BEE4D7B21B65FAEF00367577 /* Base */ = {isa = PBXFileReference; lastKnownFileType = file.xib; name = Base; path = Base.lproj/LaunchScreen.xib; sourceTree = "<group>"; };
		BEE4D7B81B65FAEF00367577 /* FizzBuzzTests.xctest */ = {isa = PBXFileReference; explicitFileType = wrapper.cfbundle; includeInIndex = 0; path = FizzBuzzTests.xctest; sourceTree = BUILT_PRODUCTS_DIR; };
		BEE4D7BD1B65FAEF00367577 /* Info.plist */ = {isa = PBXFileReference; lastKnownFileType = text.plist.xml; path = Info.plist; sourceTree = "<group>"; };
		BEE4D7BE1B65FAEF00367577 /* FizzBuzzTests.swift */ = {isa = PBXFileReference; lastKnownFileType = sourcecode.swift; path = FizzBuzzTests.swift; sourceTree = "<group>"; };
		BEE4D7C81B65FB2400367577 /* FizzBuzz.swift */ = {isa = PBXFileReference; fileEncoding = 4; lastKnownFileType = sourcecode.swift; path = FizzBuzz.swift; sourceTree = "<group>"; };
		C42A0F2610EAE51F889CF5AA /* Pods-FizzBuzzTests.debug.xcconfig */ = {isa = PBXFileReference; includeInIndex = 1; lastKnownFileType = text.xcconfig; name = "Pods-FizzBuzzTests.debug.xcconfig"; path = "Pods/Target Support Files/Pods-FizzBuzzTests/Pods-FizzBuzzTests.debug.xcconfig"; sourceTree = "<group>"; };
		E065D4B1CD0B4EFF7D3416E6 /* Pods-FizzBuzzTests.release.xcconfig */ = {isa = PBXFileReference; includeInIndex = 1; lastKnownFileType = text.xcconfig; name = "Pods-FizzBuzzTests.release.xcconfig"; path = "Pods/Target Support Files/Pods-FizzBuzzTests/Pods-FizzBuzzTests.release.xcconfig"; sourceTree = "<group>"; };
		F4827D62D5B887CFF7E2C051 /* Pods_FizzBuzzTests.framework */ = {isa = PBXFileReference; explicitFileType = wrapper.framework; includeInIndex = 0; path = Pods_FizzBuzzTests.framework; sourceTree = BUILT_PRODUCTS_DIR; };
/* End PBXFileReference section */

/* Begin PBXFrameworksBuildPhase section */
		BEE4D7A01B65FAEF00367577 /* Frameworks */ = {
			isa = PBXFrameworksBuildPhase;
			buildActionMask = 2147483647;
			files = (
			);
			runOnlyForDeploymentPostprocessing = 0;
		};
		BEE4D7B51B65FAEF00367577 /* Frameworks */ = {
			isa = PBXFrameworksBuildPhase;
			buildActionMask = 2147483647;
			files = (
				A99269B69B941D98B5FBCECC /* Pods_FizzBuzzTests.framework in Frameworks */,
			);
			runOnlyForDeploymentPostprocessing = 0;
		};
/* End PBXFrameworksBuildPhase section */

/* Begin PBXGroup section */
		BEE4D79A1B65FAEF00367577 = {
			isa = PBXGroup;
			children = (
				BEE4D7A51B65FAEF00367577 /* FizzBuzz */,
				BEE4D7BB1B65FAEF00367577 /* FizzBuzzTests */,
				BEE4D7A41B65FAEF00367577 /* Products */,
				E4A76CFE9995ADCDF054BBA7 /* Pods */,
				C4817F274D39352A5A733ADF /* Frameworks */,
			);
			sourceTree = "<group>";
		};
		BEE4D7A41B65FAEF00367577 /* Products */ = {
			isa = PBXGroup;
			children = (
				BEE4D7A31B65FAEF00367577 /* FizzBuzz.app */,
				BEE4D7B81B65FAEF00367577 /* FizzBuzzTests.xctest */,
			);
			name = Products;
			sourceTree = "<group>";
		};
		BEE4D7A51B65FAEF00367577 /* FizzBuzz */ = {
			isa = PBXGroup;
			children = (
				BEE4D7AA1B65FAEF00367577 /* ViewController.swift */,
				BEE4D7AC1B65FAEF00367577 /* Main.storyboard */,
				BEE4D7A61B65FAEF00367577 /* Supporting Files */,
				BEE4D7C81B65FB2400367577 /* FizzBuzz.swift */,
			);
			path = FizzBuzz;
			sourceTree = "<group>";
		};
		BEE4D7A61B65FAEF00367577 /* Supporting Files */ = {
			isa = PBXGroup;
			children = (
				BEE4D7B11B65FAEF00367577 /* LaunchScreen.xib */,
				BEE4D7AF1B65FAEF00367577 /* Images.xcassets */,
				BEE4D7A81B65FAEF00367577 /* AppDelegate.swift */,
				BEE4D7A71B65FAEF00367577 /* Info.plist */,
			);
			name = "Supporting Files";
			sourceTree = "<group>";
		};
		BEE4D7BB1B65FAEF00367577 /* FizzBuzzTests */ = {
			isa = PBXGroup;
			children = (
				BEE4D7BE1B65FAEF00367577 /* FizzBuzzTests.swift */,
				BEE4D7BC1B65FAEF00367577 /* Supporting Files */,
			);
			path = FizzBuzzTests;
			sourceTree = "<group>";
		};
		BEE4D7BC1B65FAEF00367577 /* Supporting Files */ = {
			isa = PBXGroup;
			children = (
				BEE4D7BD1B65FAEF00367577 /* Info.plist */,
			);
			name = "Supporting Files";
			sourceTree = "<group>";
		};
		C4817F274D39352A5A733ADF /* Frameworks */ = {
			isa = PBXGroup;
			children = (
				F4827D62D5B887CFF7E2C051 /* Pods_FizzBuzzTests.framework */,
			);
			name = Frameworks;
			sourceTree = "<group>";
		};
		E4A76CFE9995ADCDF054BBA7 /* Pods */ = {
			isa = PBXGroup;
			children = (
				C42A0F2610EAE51F889CF5AA /* Pods-FizzBuzzTests.debug.xcconfig */,
				E065D4B1CD0B4EFF7D3416E6 /* Pods-FizzBuzzTests.release.xcconfig */,
			);
			name = Pods;
			sourceTree = "<group>";
		};
/* End PBXGroup section */

/* Begin PBXNativeTarget section */
		BEE4D7A21B65FAEF00367577 /* FizzBuzz */ = {
			isa = PBXNativeTarget;
			buildConfigurationList = BEE4D7C21B65FAEF00367577 /* Build configuration list for PBXNativeTarget "FizzBuzz" */;
			buildPhases = (
				BEE4D79F1B65FAEF00367577 /* Sources */,
				BEE4D7A01B65FAEF00367577 /* Frameworks */,
				BEE4D7A11B65FAEF00367577 /* Resources */,
			);
			buildRules = (
			);
			dependencies = (
			);
			name = FizzBuzz;
			productName = FizzBuzz;
			productReference = BEE4D7A31B65FAEF00367577 /* FizzBuzz.app */;
			productType = "com.apple.product-type.application";
		};
		BEE4D7B71B65FAEF00367577 /* FizzBuzzTests */ = {
			isa = PBXNativeTarget;
			buildConfigurationList = BEE4D7C51B65FAEF00367577 /* Build configuration list for PBXNativeTarget "FizzBuzzTests" */;
			buildPhases = (
				C8511131A27541096F2AFE4F /* Check Pods Manifest.lock */,
				BEE4D7B41B65FAEF00367577 /* Sources */,
				BEE4D7B51B65FAEF00367577 /* Frameworks */,
				BEE4D7B61B65FAEF00367577 /* Resources */,
				180E70007823A4BB42C24896 /* Embed Pods Frameworks */,
				11AABEEBE82B08F63B4E49EC /* Copy Pods Resources */,
			);
			buildRules = (
			);
			dependencies = (
				BEE4D7BA1B65FAEF00367577 /* PBXTargetDependency */,
			);
			name = FizzBuzzTests;
			productName = FizzBuzzTests;
			productReference = BEE4D7B81B65FAEF00367577 /* FizzBuzzTests.xctest */;
			productType = "com.apple.product-type.bundle.unit-test";
		};
/* End PBXNativeTarget section */

/* Begin PBXProject section */
		BEE4D79B1B65FAEF00367577 /* Project object */ = {
			isa = PBXProject;
			attributes = {
				LastUpgradeCheck = 0630;
				ORGANIZATIONNAME = "sTinGe Su";
				TargetAttributes = {
					BEE4D7A21B65FAEF00367577 = {
						CreatedOnToolsVersion = 6.3.1;
					};
					BEE4D7B71B65FAEF00367577 = {
						CreatedOnToolsVersion = 6.3.1;
						TestTargetID = BEE4D7A21B65FAEF00367577;
					};
				};
			};
			buildConfigurationList = BEE4D79E1B65FAEF00367577 /* Build configuration list for PBXProject "FizzBuzz" */;
			compatibilityVersion = "Xcode 3.2";
			developmentRegion = English;
			hasScannedForEncodings = 0;
			knownRegions = (
				en,
				Base,
			);
			mainGroup = BEE4D79A1B65FAEF00367577;
			productRefGroup = BEE4D7A41B65FAEF00367577 /* Products */;
			projectDirPath = "";
			projectRoot = "";
			targets = (
				BEE4D7A21B65FAEF00367577 /* FizzBuzz */,
				BEE4D7B71B65FAEF00367577 /* FizzBuzzTests */,
			);
		};
/* End PBXProject section */

/* Begin PBXResourcesBuildPhase section */
		BEE4D7A11B65FAEF00367577 /* Resources */ = {
			isa = PBXResourcesBuildPhase;
			buildActionMask = 2147483647;
			files = (
				BEE4D7AE1B65FAEF00367577 /* Main.storyboard in Resources */,
				BEE4D7B31B65FAEF00367577 /* LaunchScreen.xib in Resources */,
				BEE4D7B01B65FAEF00367577 /* Images.xcassets in Resources */,
			);
			runOnlyForDeploymentPostprocessing = 0;
		};
		BEE4D7B61B65FAEF00367577 /* Resources */ = {
			isa = PBXResourcesBuildPhase;
			buildActionMask = 2147483647;
			files = (
			);
			runOnlyForDeploymentPostprocessing = 0;
		};
/* End PBXResourcesBuildPhase section */

/* Begin PBXShellScriptBuildPhase section */
		11AABEEBE82B08F63B4E49EC /* Copy Pods Resources */ = {
			isa = PBXShellScriptBuildPhase;
			buildActionMask = 2147483647;
			files = (
			);
			inputPaths = (
			);
			name = "Copy Pods Resources";
			outputPaths = (
			);
			runOnlyForDeploymentPostprocessing = 0;
			shellPath = /bin/sh;
			shellScript = "\"${SRCROOT}/Pods/Target Support Files/Pods-FizzBuzzTests/Pods-FizzBuzzTests-resources.sh\"\n";
			showEnvVarsInLog = 0;
		};
		180E70007823A4BB42C24896 /* Embed Pods Frameworks */ = {
			isa = PBXShellScriptBuildPhase;
			buildActionMask = 2147483647;
			files = (
			);
			inputPaths = (
			);
			name = "Embed Pods Frameworks";
			outputPaths = (
			);
			runOnlyForDeploymentPostprocessing = 0;
			shellPath = /bin/sh;
			shellScript = "\"${SRCROOT}/Pods/Target Support Files/Pods-FizzBuzzTests/Pods-FizzBuzzTests-frameworks.sh\"\n";
			showEnvVarsInLog = 0;
		};
		C8511131A27541096F2AFE4F /* Check Pods Manifest.lock */ = {
			isa = PBXShellScriptBuildPhase;
			buildActionMask = 2147483647;
			files = (
			);
			inputPaths = (
			);
			name = "Check Pods Manifest.lock";
			outputPaths = (
			);
			runOnlyForDeploymentPostprocessing = 0;
			shellPath = /bin/sh;
			shellScript = "diff \"${PODS_ROOT}/../Podfile.lock\" \"${PODS_ROOT}/Manifest.lock\" > /dev/null\nif [[ $? != 0 ]] ; then\n    cat << EOM\nerror: The sandbox is not in sync with the Podfile.lock. Run 'pod install' or update your CocoaPods installation.\nEOM\n    exit 1\nfi\n";
			showEnvVarsInLog = 0;
		};
/* End PBXShellScriptBuildPhase section */

/* Begin PBXSourcesBuildPhase section */
		BEE4D79F1B65FAEF00367577 /* Sources */ = {
			isa = PBXSourcesBuildPhase;
			buildActionMask = 2147483647;
			files = (
				BEE4D7AB1B65FAEF00367577 /* ViewController.swift in Sources */,
				BEE4D7A91B65FAEF00367577 /* AppDelegate.swift in Sources */,
				BEE4D7C91B65FB2400367577 /* FizzBuzz.swift in Sources */,
			);
			runOnlyForDeploymentPostprocessing = 0;
		};
		BEE4D7B41B65FAEF00367577 /* Sources */ = {
			isa = PBXSourcesBuildPhase;
			buildActionMask = 2147483647;
			files = (
				BEE4D7BF1B65FAEF00367577 /* FizzBuzzTests.swift in Sources */,
				BEE4D7CA1B65FC0B00367577 /* FizzBuzz.swift in Sources */,
			);
			runOnlyForDeploymentPostprocessing = 0;
		};
/* End PBXSourcesBuildPhase section */

/* Begin PBXTargetDependency section */
		BEE4D7BA1B65FAEF00367577 /* PBXTargetDependency */ = {
			isa = PBXTargetDependency;
			target = BEE4D7A21B65FAEF00367577 /* FizzBuzz */;
			targetProxy = BEE4D7B91B65FAEF00367577 /* PBXContainerItemProxy */;
		};
/* End PBXTargetDependency section */

/* Begin PBXVariantGroup section */
		BEE4D7AC1B65FAEF00367577 /* Main.storyboard */ = {
			isa = PBXVariantGroup;
			children = (
				BEE4D7AD1B65FAEF00367577 /* Base */,
			);
			name = Main.storyboard;
			sourceTree = "<group>";
		};
		BEE4D7B11B65FAEF00367577 /* LaunchScreen.xib */ = {
			isa = PBXVariantGroup;
			children = (
				BEE4D7B21B65FAEF00367577 /* Base */,
			);
			name = LaunchScreen.xib;
			sourceTree = "<group>";
		};
/* End PBXVariantGroup section */

/* Begin XCBuildConfiguration section */
		BEE4D7C01B65FAEF00367577 /* Debug */ = {
			isa = XCBuildConfiguration;
			buildSettings = {
				ALWAYS_SEARCH_USER_PATHS = NO;
				CLANG_CXX_LANGUAGE_STANDARD = "gnu++0x";
				CLANG_CXX_LIBRARY = "libc++";
				CLANG_ENABLE_MODULES = YES;
				CLANG_ENABLE_OBJC_ARC = YES;
				CLANG_WARN_BOOL_CONVERSION = YES;
				CLANG_WARN_CONSTANT_CONVERSION = YES;
				CLANG_WARN_DIRECT_OBJC_ISA_USAGE = YES_ERROR;
				CLANG_WARN_EMPTY_BODY = YES;
				CLANG_WARN_ENUM_CONVERSION = YES;
				CLANG_WARN_INT_CONVERSION = YES;
				CLANG_WARN_OBJC_ROOT_CLASS = YES_ERROR;
				CLANG_WARN_UNREACHABLE_CODE = YES;
				CLANG_WARN__DUPLICATE_METHOD_MATCH = YES;
				"CODE_SIGN_IDENTITY[sdk=iphoneos*]" = "iPhone Developer";
				COPY_PHASE_STRIP = NO;
				DEBUG_INFORMATION_FORMAT = "dwarf-with-dsym";
				ENABLE_STRICT_OBJC_MSGSEND = YES;
				GCC_C_LANGUAGE_STANDARD = gnu99;
				GCC_DYNAMIC_NO_PIC = NO;
				GCC_NO_COMMON_BLOCKS = YES;
				GCC_OPTIMIZATION_LEVEL = 0;
				GCC_PREPROCESSOR_DEFINITIONS = (
					"DEBUG=1",
					"$(inherited)",
				);
				GCC_SYMBOLS_PRIVATE_EXTERN = NO;
				GCC_WARN_64_TO_32_BIT_CONVERSION = YES;
				GCC_WARN_ABOUT_RETURN_TYPE = YES_ERROR;
				GCC_WARN_UNDECLARED_SELECTOR = YES;
				GCC_WARN_UNINITIALIZED_AUTOS = YES_AGGRESSIVE;
				GCC_WARN_UNUSED_FUNCTION = YES;
				GCC_WARN_UNUSED_VARIABLE = YES;
				IPHONEOS_DEPLOYMENT_TARGET = 8.3;
				MTL_ENABLE_DEBUG_INFO = YES;
				ONLY_ACTIVE_ARCH = YES;
				SDKROOT = iphoneos;
				SWIFT_OPTIMIZATION_LEVEL = "-Onone";
				TARGETED_DEVICE_FAMILY = "1,2";
			};
			name = Debug;
		};
		BEE4D7C11B65FAEF00367577 /* Release */ = {
			isa = XCBuildConfiguration;
			buildSettings = {
				ALWAYS_SEARCH_USER_PATHS = NO;
				CLANG_CXX_LANGUAGE_STANDARD = "gnu++0x";
				CLANG_CXX_LIBRARY = "libc++";
				CLANG_ENABLE_MODULES = YES;
				CLANG_ENABLE_OBJC_ARC = YES;
				CLANG_WARN_BOOL_CONVERSION = YES;
				CLANG_WARN_CONSTANT_CONVERSION = YES;
				CLANG_WARN_DIRECT_OBJC_ISA_USAGE = YES_ERROR;
				CLANG_WARN_EMPTY_BODY = YES;
				CLANG_WARN_ENUM_CONVERSION = YES;
				CLANG_WARN_INT_CONVERSION = YES;
				CLANG_WARN_OBJC_ROOT_CLASS = YES_ERROR;
				CLANG_WARN_UNREACHABLE_CODE = YES;
				CLANG_WARN__DUPLICATE_METHOD_MATCH = YES;
				"CODE_SIGN_IDENTITY[sdk=iphoneos*]" = "iPhone Developer";
				COPY_PHASE_STRIP = NO;
				DEBUG_INFORMATION_FORMAT = "dwarf-with-dsym";
				ENABLE_NS_ASSERTIONS = NO;
				ENABLE_STRICT_OBJC_MSGSEND = YES;
				GCC_C_LANGUAGE_STANDARD = gnu99;
				GCC_NO_COMMON_BLOCKS = YES;
				GCC_WARN_64_TO_32_BIT_CONVERSION = YES;
				GCC_WARN_ABOUT_RETURN_TYPE = YES_ERROR;
				GCC_WARN_UNDECLARED_SELECTOR = YES;
				GCC_WARN_UNINITIALIZED_AUTOS = YES_AGGRESSIVE;
				GCC_WARN_UNUSED_FUNCTION = YES;
				GCC_WARN_UNUSED_VARIABLE = YES;
				IPHONEOS_DEPLOYMENT_TARGET = 8.3;
				MTL_ENABLE_DEBUG_INFO = NO;
				SDKROOT = iphoneos;
				TARGETED_DEVICE_FAMILY = "1,2";
				VALIDATE_PRODUCT = YES;
			};
			name = Release;
		};
		BEE4D7C31B65FAEF00367577 /* Debug */ = {
			isa = XCBuildConfiguration;
			buildSettings = {
				ASSETCATALOG_COMPILER_APPICON_NAME = AppIcon;
				INFOPLIST_FILE = FizzBuzz/Info.plist;
				LD_RUNPATH_SEARCH_PATHS = "$(inherited) @executable_path/Frameworks";
				PRODUCT_NAME = "$(TARGET_NAME)";
			};
			name = Debug;
		};
		BEE4D7C41B65FAEF00367577 /* Release */ = {
			isa = XCBuildConfiguration;
			buildSettings = {
				ASSETCATALOG_COMPILER_APPICON_NAME = AppIcon;
				INFOPLIST_FILE = FizzBuzz/Info.plist;
				LD_RUNPATH_SEARCH_PATHS = "$(inherited) @executable_path/Frameworks";
				PRODUCT_NAME = "$(TARGET_NAME)";
			};
			name = Release;
		};
		BEE4D7C61B65FAEF00367577 /* Debug */ = {
			isa = XCBuildConfiguration;
			baseConfigurationReference = C42A0F2610EAE51F889CF5AA /* Pods-FizzBuzzTests.debug.xcconfig */;
			buildSettings = {
				BUNDLE_LOADER = "$(TEST_HOST)";
				FRAMEWORK_SEARCH_PATHS = (
					"$(SDKROOT)/Developer/Library/Frameworks",
					"$(inherited)",
				);
				GCC_PREPROCESSOR_DEFINITIONS = (
					"DEBUG=1",
					"$(inherited)",
				);
				INFOPLIST_FILE = FizzBuzzTests/Info.plist;
				LD_RUNPATH_SEARCH_PATHS = "$(inherited) @executable_path/Frameworks @loader_path/Frameworks";
				PRODUCT_NAME = "$(TARGET_NAME)";
				TEST_HOST = "$(BUILT_PRODUCTS_DIR)/FizzBuzz.app/FizzBuzz";
			};
			name = Debug;
		};
		BEE4D7C71B65FAEF00367577 /* Release */ = {
			isa = XCBuildConfiguration;
			baseConfigurationReference = E065D4B1CD0B4EFF7D3416E6 /* Pods-FizzBuzzTests.release.xcconfig */;
			buildSettings = {
				BUNDLE_LOADER = "$(TEST_HOST)";
				FRAMEWORK_SEARCH_PATHS = (
					"$(SDKROOT)/Developer/Library/Frameworks",
					"$(inherited)",
				);
				INFOPLIST_FILE = FizzBuzzTests/Info.plist;
				LD_RUNPATH_SEARCH_PATHS = "$(inherited) @executable_path/Frameworks @loader_path/Frameworks";
				PRODUCT_NAME = "$(TARGET_NAME)";
				TEST_HOST = "$(BUILT_PRODUCTS_DIR)/FizzBuzz.app/FizzBuzz";
			};
			name = Release;
		};
/* End XCBuildConfiguration section */

/* Begin XCConfigurationList section */
		BEE4D79E1B65FAEF00367577 /* Build configuration list for PBXProject "FizzBuzz" */ = {
			isa = XCConfigurationList;
			buildConfigurations = (
				BEE4D7C01B65FAEF00367577 /* Debug */,
				BEE4D7C11B65FAEF00367577 /* Release */,
			);
			defaultConfigurationIsVisible = 0;
			defaultConfigurationName = Release;
		};
		BEE4D7C21B65FAEF00367577 /* Build configuration list for PBXNativeTarget "FizzBuzz" */ = {
			isa = XCConfigurationList;
			buildConfigurations = (
				BEE4D7C31B65FAEF00367577 /* Debug */,
				BEE4D7C41B65FAEF00367577 /* Release */,
			);
			defaultConfigurationIsVisible = 0;
			defaultConfigurationName = Release;
		};
		BEE4D7C51B65FAEF00367577 /* Build configuration list for PBXNativeTarget "FizzBuzzTests" */ = {
			isa = XCConfigurationList;
			buildConfigurations = (
				BEE4D7C61B65FAEF00367577 /* Debug */,
				BEE4D7C71B65FAEF00367577 /* Release */,
			);
			defaultConfigurationIsVisible = 0;
			defaultConfigurationName = Release;
		};
/* End XCConfigurationList section */
	};
	rootObject = BEE4D79B1B65FAEF00367577 /* Project object */;
}
